
Microsoft Visual Studio Solution File, Format Version 12.00
# Visual Studio Version 16
VisualStudioVersion = 16.0.29311.281
MinimumVisualStudioVersion = 10.0.40219.1
Project("{FAE04EC0-301F-11D3-BF4B-00C04F79EFBC}") = "Sample", "Sample\Sample.csproj", "{42541CB6-B2DC-464D-9646-1DB8AC165783}"
EndProject
Project("{FAE04EC0-301F-11D3-BF4B-00C04F79EFBC}") = "WebApp", "WebApp\WebApp.csproj", "{2A6AD38C-2735-42FB-97AC-E227388FC73F}"
EndProject
Global
	GlobalSection(SolutionConfigurationPlatforms) = preSolution
		Debug|Any CPU = Debug|Any CPU
		Release|Any CPU = Release|Any CPU
	EndGlobalSection
	GlobalSection(ProjectConfigurationPlatforms) = postSolution
		{42541CB6-B2DC-464D-9646-1DB8AC165783}.Debug|Any CPU.ActiveCfg = Debug|Any CPU
		{42541CB6-B2DC-464D-9646-1DB8AC165783}.Debug|Any CPU.Build.0 = Debug|Any CPU
		{42541CB6-B2DC-464D-9646-1DB8AC165783}.Release|Any CPU.ActiveCfg = Release|Any CPU
		{42541CB6-B2DC-464D-9646-1DB8AC165783}.Release|Any CPU.Build.0 = Release|Any CPU
		{2A6AD38C-2735-42FB-97AC-E227388FC73F}.Debug|Any CPU.ActiveCfg = Debug|Any CPU
		{2A6AD38C-2735-42FB-97AC-E227388FC73F}.Debug|Any CPU.Build.0 = Debug|Any CPU
		{2A6AD38C-2735-42FB-97AC-E227388FC73F}.Release|Any CPU.ActiveCfg = Release|Any CPU
		{2A6AD38C-2735-42FB-97AC-E227388FC73F}.Release|Any CPU.Build.0 = Release|Any CPU
	EndGlobalSection
	GlobalSection(SolutionProperties) = preSolution
		HideSolutionNode = FALSE
	EndGlobalSection
	GlobalSection(ExtensibilityGlobals) = postSolution
		SolutionGuid = {2B639FDA-F492-4E93-AE0F-5E5DDC2F9572}
	EndGlobalSection
EndGlobal
